<Solution>
  <Folder Name="/src/" />
  <Folder Name="/src/Gateway/">
    <Project Path="src/Gateway/ECommerce.Gateway.Api/ECommerce.Gateway.Api.csproj" />
  </Folder>
  <Folder Name="/src/Services/" />
  <Folder Name="/src/Services/Identity/">
    <Project Path="src/Services/Identity/ECommerce.Identity.Api/ECommerce.Identity.Api.csproj" />
    <Project Path="src/Services/Identity/ECommerce.Identity.Application/ECommerce.Identity.Application.csproj" />
    <Project Path="src/Services/Identity/ECommerce.Identity.Domain/ECommerce.Identity.Domain.csproj" />
    <Project Path="src/Services/Identity/ECommerce.Identity.Infrastructure/ECommerce.Identity.Infrastructure.csproj" />
  </Folder>
  <Folder Name="/src/Services/ProductCatalog/">
    <Project Path="src/Services/ProductCatalog/ECommerce.ProductCatalog.Api/ECommerce.ProductCatalog.Api.csproj" />
    <Project Path="src/Services/ProductCatalog/ECommerce.ProductCatalog.Application/ECommerce.ProductCatalog.Application.csproj" />
    <Project Path="src/Services/ProductCatalog/ECommerce.ProductCatalog.Domain/ECommerce.ProductCatalog.Domain.csproj" />
    <Project Path="src/Services/ProductCatalog/ECommerce.ProductCatalog.Infrastructure/ECommerce.ProductCatalog.Infrastructure.csproj" />
  </Folder>
  <Folder Name="/tests/" />
  <Folder Name="/tests/ProductCatalog/">
    <Project Path="tests/ProductCatalog/ECommerce.ProductCatalog.IntegrationTests/ECommerce.ProductCatalog.IntegrationTests.csproj" />
    <Project Path="tests/ProductCatalog/ECommerce.ProductCatalog.UnitTests/ECommerce.ProductCatalog.UnitTests.csproj" />
  </Folder>
</Solution>
